
Microsoft Visual Studio Solution File, Format Version 12.00
# Visual Studio Version 17
VisualStudioVersion = 17.5.33424.131
MinimumVisualStudioVersion = 10.0.40219.1
Project("{FAE04EC0-301F-11D3-BF4B-00C04F79EFBC}") = "app5", "app5\app5.csproj", "{A306203C-D7EB-4C02-875D-C9F720571FC5}"
EndProject
Global
	GlobalSection(SolutionConfigurationPlatforms) = preSolution
		Debug|Any CPU = Debug|Any CPU
		Release|Any CPU = Release|Any CPU
	EndGlobalSection
	GlobalSection(ProjectConfigurationPlatforms) = postSolution
		{A306203C-D7EB-4C02-875D-C9F720571FC5}.Debug|Any CPU.ActiveCfg = Debug|Any CPU
		{A306203C-D7EB-4C02-875D-C9F720571FC5}.Debug|Any CPU.Build.0 = Debug|Any CPU
		{A306203C-D7EB-4C02-875D-C9F720571FC5}.Release|Any CPU.ActiveCfg = Release|Any CPU
		{A306203C-D7EB-4C02-875D-C9F720571FC5}.Release|Any CPU.Build.0 = Release|Any CPU
	EndGlobalSection
	GlobalSection(SolutionProperties) = preSolution
		HideSolutionNode = FALSE
	EndGlobalSection
	GlobalSection(ExtensibilityGlobals) = postSolution
		SolutionGuid = {9C339550-A769-4CE5-94EC-D6712E62C527}
	EndGlobalSection
EndGlobal
